PODS:
  - SDWebImage (3.6):
    - SDWebImage/Core
  - SDWebImage/Core (3.6)
  - UIViewUtils (0.0.1)

DEPENDENCIES:
  - SDWebImage (~> 3.6)
  - UIViewUtils (from `git@github.com:demon1105/UIView-Utils.git`)

EXTERNAL SOURCES:
  UIViewUtils:
    :git: git@github.com:demon1105/UIView-Utils.git

SPEC CHECKSUMS:
  SDWebImage: c6989652c1cdf27cbdf3f56957e2030f825af5bc
  UIViewUtils: 79a9f1dc6a48202ccffa2cea7045dbbbbd0fd4fa

COCOAPODS: 0.34.2
